Microsoft Visual Studio Solution File, Format Version 12.00
# Visual Studio Version 17
VisualStudioVersion = 17.5.2.0
MinimumVisualStudioVersion = 10.0.40219.1
Project("{FAE04EC0-301F-11D3-BF4B-00C04F79EFBC}") = "ado-kt-4", "ado-kt-4.csproj", "{A7DA1AB1-3A73-C5BC-B80D-F5A68D2A2E0B}"
EndProject
Global
	GlobalSection(SolutionConfigurationPlatforms) = preSolution
		Debug|Any CPU = Debug|Any CPU
		Release|Any CPU = Release|Any CPU
	EndGlobalSection
	GlobalSection(ProjectConfigurationPlatforms) = postSolution
		{A7DA1AB1-3A73-C5BC-B80D-F5A68D2A2E0B}.Debug|Any CPU.ActiveCfg = Debug|Any CPU
		{A7DA1AB1-3A73-C5BC-B80D-F5A68D2A2E0B}.Debug|Any CPU.Build.0 = Debug|Any CPU
		{A7DA1AB1-3A73-C5BC-B80D-F5A68D2A2E0B}.Release|Any CPU.ActiveCfg = Release|Any CPU
		{A7DA1AB1-3A73-C5BC-B80D-F5A68D2A2E0B}.Release|Any CPU.Build.0 = Release|Any CPU
	EndGlobalSection
	GlobalSection(SolutionProperties) = preSolution
		HideSolutionNode = FALSE
	EndGlobalSection
	GlobalSection(ExtensibilityGlobals) = postSolution
		SolutionGuid = {47387D1D-160A-42C2-8BCD-6AE73C9E72B1}
	EndGlobalSection
EndGlobal
